// !$*UTF8*$!
{
	archiveVersion = 1;
	classes = {
	};
	objectVersion = 46;
	objects = {

/* Begin PBXBuildFile section */
		07285E6A185C8A3700C6A634 /* SearchViewController.m in Sources */ = {isa = PBXBuildFile; fileRef = 07285E68185C8A3700C6A634 /* SearchViewController.m */; };
		07285E6D185C8A6300C6A634 /* SearchViewController.xib in Resources */ = {isa = PBXBuildFile; fileRef = 07285E6C185C8A6300C6A634 /* SearchViewController.xib */; };
		07852EEF1847D3F600ECA0CA /* Foundation.framework in Frameworks */ = {isa = PBXBuildFile; fileRef = 07852EEE1847D3F600ECA0CA /* Foundation.framework */; };
		07852EF11847D3F700ECA0CA /* CoreGraphics.framework in Frameworks */ = {isa = PBXBuildFile; fileRef = 07852EF01847D3F700ECA0CA /* CoreGraphics.framework */; };
		07852EF31847D3F700ECA0CA /* UIKit.framework in Frameworks */ = {isa = PBXBuildFile; fileRef = 07852EF21847D3F700ECA0CA /* UIKit.framework */; };
		07852EF51847D3F700ECA0CA /* CoreData.framework in Frameworks */ = {isa = PBXBuildFile; fileRef = 07852EF41847D3F700ECA0CA /* CoreData.framework */; };
		07852EFD1847D3F700ECA0CA /* main.m in Sources */ = {isa = PBXBuildFile; fileRef = 07852EFC1847D3F700ECA0CA /* main.m */; };
		07852F331847DDB500ECA0CA /* AppDelegate.m in Sources */ = {isa = PBXBuildFile; fileRef = 07852F281847DDB500ECA0CA /* AppDelegate.m */; };
		07852F371847DDB500ECA0CA /* Images.xcassets in Resources */ = {isa = PBXBuildFile; fileRef = 07852F321847DDB500ECA0CA /* Images.xcassets */; };
		07852F3B1847DE1000ECA0CA /* MainMenuViewController.m in Sources */ = {isa = PBXBuildFile; fileRef = 07852F391847DE1000ECA0CA /* MainMenuViewController.m */; };
		07852F411847DE7900ECA0CA /* MainMenuViewController.xib in Resources */ = {isa = PBXBuildFile; fileRef = 07852F3F1847DE7900ECA0CA /* MainMenuViewController.xib */; };
		07852F441847DE9A00ECA0CA /* Agenda.xcdatamodeld in Sources */ = {isa = PBXBuildFile; fileRef = 07852F421847DE9A00ECA0CA /* Agenda.xcdatamodeld */; };
		07852F481847DECE00ECA0CA /* NewUserFormViewController.m in Sources */ = {isa = PBXBuildFile; fileRef = 07852F461847DECE00ECA0CA /* NewUserFormViewController.m */; };
		07852F4D1847DEFD00ECA0CA /* UserDetailsViewController.m in Sources */ = {isa = PBXBuildFile; fileRef = 07852F4B1847DEFD00ECA0CA /* UserDetailsViewController.m */; };
		07852F511847DF1700ECA0CA /* NewUserFormViewController.xib in Resources */ = {isa = PBXBuildFile; fileRef = 07852F4F1847DF1700ECA0CA /* NewUserFormViewController.xib */; };
		07852F521847DF1700ECA0CA /* UserDetailsViewController.xib in Resources */ = {isa = PBXBuildFile; fileRef = 07852F501847DF1700ECA0CA /* UserDetailsViewController.xib */; };
		0793A3B9184917550062A1A2 /* UsersListViewController.m in Sources */ = {isa = PBXBuildFile; fileRef = 0793A3B7184917550062A1A2 /* UsersListViewController.m */; };
		0793A3BC184917760062A1A2 /* UsersListViewController.xib in Resources */ = {isa = PBXBuildFile; fileRef = 0793A3BB184917760062A1A2 /* UsersListViewController.xib */; };
		07C002F61861FCA50042E031 /* Contact.m in Sources */ = {isa = PBXBuildFile; fileRef = 07C002F51861FCA50042E031 /* Contact.m */; };
		07C0030B186208050042E031 /* NewEntryViewController.m in Sources */ = {isa = PBXBuildFile; fileRef = 07C00309186208050042E031 /* NewEntryViewController.m */; };
		07C0030E186208140042E031 /* NewEntryViewController.xib in Resources */ = {isa = PBXBuildFile; fileRef = 07C0030D186208140042E031 /* NewEntryViewController.xib */; };
		07C0031118620D710042E031 /* ContactInfo.m in Sources */ = {isa = PBXBuildFile; fileRef = 07C0031018620D710042E031 /* ContactInfo.m */; };
		07C0031418621CF70042E031 /* ModelHelper.m in Sources */ = {isa = PBXBuildFile; fileRef = 07C0031318621CF70042E031 /* ModelHelper.m */; };
		07CE949E188301DC00742090 /* MapViewController.m in Sources */ = {isa = PBXBuildFile; fileRef = 07CE949C188301DC00742090 /* MapViewController.m */; };
		07CE94A11883024E00742090 /* MapViewController.xib in Resources */ = {isa = PBXBuildFile; fileRef = 07CE94A01883024E00742090 /* MapViewController.xib */; };
		07CE94A31883068900742090 /* MapKit.framework in Frameworks */ = {isa = PBXBuildFile; fileRef = 07CE94A21883068900742090 /* MapKit.framework */; };
		07CE94A618830A2E00742090 /* MapAddressAnnotation.m in Sources */ = {isa = PBXBuildFile; fileRef = 07CE94A518830A2E00742090 /* MapAddressAnnotation.m */; };
		07CE94A81883482400742090 /* CoreLocation.framework in Frameworks */ = {isa = PBXBuildFile; fileRef = 07CE94A71883482400742090 /* CoreLocation.framework */; };
/* End PBXBuildFile section */

/* Begin PBXFileReference section */
		07285E67185C8A3700C6A634 /* SearchViewController.h */ = {isa = PBXFileReference; fileEncoding = 4; lastKnownFileType = sourcecode.c.h; path = SearchViewController.h; sourceTree = "<group>"; };
		07285E68185C8A3700C6A634 /* SearchViewController.m */ = {isa = PBXFileReference; fileEncoding = 4; lastKnownFileType = sourcecode.c.objc; path = SearchViewController.m; sourceTree = "<group>"; };
		07285E6C185C8A6300C6A634 /* SearchViewController.xib */ = {isa = PBXFileReference; fileEncoding = 4; lastKnownFileType = file.xib; path = SearchViewController.xib; sourceTree = "<group>"; };
		074589081893D8160020616D /* Agenda.entitlements */ = {isa = PBXFileReference; lastKnownFileType = text.xml; path = Agenda.entitlements; sourceTree = "<group>"; };
		0752A99018958A9F00CC5621 /* AgendaController.h */ = {isa = PBXFileReference; lastKnownFileType = sourcecode.c.h; path = AgendaController.h; sourceTree = "<group>"; };
		07852EEB1847D3F600ECA0CA /* Agenda.app */ = {isa = PBXFileReference; explicitFileType = wrapper.application; includeInIndex = 0; path = Agenda.app; sourceTree = BUILT_PRODUCTS_DIR; };
		07852EEE1847D3F600ECA0CA /* Foundation.framework */ = {isa = PBXFileReference; lastKnownFileType = wrapper.framework; name = Foundation.framework; path = System/Library/Frameworks/Foundation.framework; sourceTree = SDKROOT; };
		07852EF01847D3F700ECA0CA /* CoreGraphics.framework */ = {isa = PBXFileReference; lastKnownFileType = wrapper.framework; name = CoreGraphics.framework; path = System/Library/Frameworks/CoreGraphics.framework; sourceTree = SDKROOT; };
		07852EF21847D3F700ECA0CA /* UIKit.framework */ = {isa = PBXFileReference; lastKnownFileType = wrapper.framework; name = UIKit.framework; path = System/Library/Frameworks/UIKit.framework; sourceTree = SDKROOT; };
		07852EF41847D3F700ECA0CA /* CoreData.framework */ = {isa = PBXFileReference; lastKnownFileType = wrapper.framework; name = CoreData.framework; path = System/Library/Frameworks/CoreData.framework; sourceTree = SDKROOT; };
		07852EFC1847D3F700ECA0CA /* main.m */ = {isa = PBXFileReference; lastKnownFileType = sourcecode.c.objc; path = main.m; sourceTree = "<group>"; };
		07852EFE1847D3F700ECA0CA /* Agenda-Prefix.pch */ = {isa = PBXFileReference; lastKnownFileType = sourcecode.c.h; path = "Agenda-Prefix.pch"; sourceTree = "<group>"; };
		07852F0C1847D3F700ECA0CA /* XCTest.framework */ = {isa = PBXFileReference; lastKnownFileType = wrapper.framework; name = XCTest.framework; path = Library/Frameworks/XCTest.framework; sourceTree = DEVELOPER_DIR; };
		07852F271847DDB500ECA0CA /* AppDelegate.h */ = {isa = PBXFileReference; fileEncoding = 4; lastKnownFileType = sourcecode.c.h; path = AppDelegate.h; sourceTree = "<group>"; };
		07852F281847DDB500ECA0CA /* AppDelegate.m */ = {isa = PBXFileReference; fileEncoding = 4; lastKnownFileType = sourcecode.c.objc; path = AppDelegate.m; sourceTree = "<group>"; };
		07852F321847DDB500ECA0CA /* Images.xcassets */ = {isa = PBXFileReference; lastKnownFileType = folder.assetcatalog; path = Images.xcassets; sourceTree = "<group>"; };
		07852F381847DE1000ECA0CA /* MainMenuViewController.h */ = {isa = PBXFileReference; fileEncoding = 4; lastKnownFileType = sourcecode.c.h; path = MainMenuViewController.h; sourceTree = "<group>"; };
		07852F391847DE1000ECA0CA /* MainMenuViewController.m */ = {isa = PBXFileReference; fileEncoding = 4; lastKnownFileType = sourcecode.c.objc; path = MainMenuViewController.m; sourceTree = "<group>"; };
		07852F3F1847DE7900ECA0CA /* MainMenuViewController.xib */ = {isa = PBXFileReference; fileEncoding = 4; lastKnownFileType = file.xib; path = MainMenuViewController.xib; sourceTree = "<group>"; };
		07852F431847DE9A00ECA0CA /* Agenda.xcdatamodel */ = {isa = PBXFileReference; lastKnownFileType = wrapper.xcdatamodel; path = Agenda.xcdatamodel; sourceTree = "<group>"; };
		07852F451847DECE00ECA0CA /* NewUserFormViewController.h */ = {isa = PBXFileReference; fileEncoding = 4; lastKnownFileType = sourcecode.c.h; name = NewUserFormViewController.h; path = Agenda/Classes/controller/NewUserFormViewController.h; sourceTree = SOURCE_ROOT; };
		07852F461847DECE00ECA0CA /* NewUserFormViewController.m */ = {isa = PBXFileReference; fileEncoding = 4; lastKnownFileType = sourcecode.c.objc; name = NewUserFormViewController.m; path = Agenda/Classes/controller/NewUserFormViewController.m; sourceTree = SOURCE_ROOT; };
		07852F4A1847DEFD00ECA0CA /* UserDetailsViewController.h */ = {isa = PBXFileReference; fileEncoding = 4; lastKnownFileType = sourcecode.c.h; path = UserDetailsViewController.h; sourceTree = "<group>"; };
		07852F4B1847DEFD00ECA0CA /* UserDetailsViewController.m */ = {isa = PBXFileReference; fileEncoding = 4; lastKnownFileType = sourcecode.c.objc; path = UserDetailsViewController.m; sourceTree = "<group>"; };
		07852F4F1847DF1700ECA0CA /* NewUserFormViewController.xib */ = {isa = PBXFileReference; fileEncoding = 4; lastKnownFileType = file.xib; path = NewUserFormViewController.xib; sourceTree = "<group>"; };
		07852F501847DF1700ECA0CA /* UserDetailsViewController.xib */ = {isa = PBXFileReference; fileEncoding = 4; lastKnownFileType = file.xib; path = UserDetailsViewController.xib; sourceTree = "<group>"; };
		07852F531847E2D000ECA0CA /* Agenda-Info.plist */ = {isa = PBXFileReference; fileEncoding = 4; lastKnownFileType = text.plist.xml; path = "Agenda-Info.plist"; sourceTree = "<group>"; };
		0793A3B6184917550062A1A2 /* UsersListViewController.h */ = {isa = PBXFileReference; fileEncoding = 4; lastKnownFileType = sourcecode.c.h; path = UsersListViewController.h; sourceTree = "<group>"; };
		0793A3B7184917550062A1A2 /* UsersListViewController.m */ = {isa = PBXFileReference; fileEncoding = 4; lastKnownFileType = sourcecode.c.objc; path = UsersListViewController.m; sourceTree = "<group>"; };
		0793A3BB184917760062A1A2 /* UsersListViewController.xib */ = {isa = PBXFileReference; fileEncoding = 4; lastKnownFileType = file.xib; path = UsersListViewController.xib; sourceTree = "<group>"; };
		07C002F41861FCA50042E031 /* Contact.h */ = {isa = PBXFileReference; fileEncoding = 4; lastKnownFileType = sourcecode.c.h; path = Contact.h; sourceTree = "<group>"; };
		07C002F51861FCA50042E031 /* Contact.m */ = {isa = PBXFileReference; fileEncoding = 4; lastKnownFileType = sourcecode.c.objc; path = Contact.m; sourceTree = "<group>"; };
		07C00308186208050042E031 /* NewEntryViewController.h */ = {isa = PBXFileReference; fileEncoding = 4; lastKnownFileType = sourcecode.c.h; path = NewEntryViewController.h; sourceTree = "<group>"; };
		07C00309186208050042E031 /* NewEntryViewController.m */ = {isa = PBXFileReference; fileEncoding = 4; lastKnownFileType = sourcecode.c.objc; path = NewEntryViewController.m; sourceTree = "<group>"; };
		07C0030D186208140042E031 /* NewEntryViewController.xib */ = {isa = PBXFileReference; fileEncoding = 4; lastKnownFileType = file.xib; path = NewEntryViewController.xib; sourceTree = "<group>"; };
		07C0030F18620D710042E031 /* ContactInfo.h */ = {isa = PBXFileReference; fileEncoding = 4; lastKnownFileType = sourcecode.c.h; path = ContactInfo.h; sourceTree = "<group>"; };
		07C0031018620D710042E031 /* ContactInfo.m */ = {isa = PBXFileReference; fileEncoding = 4; lastKnownFileType = sourcecode.c.objc; path = ContactInfo.m; sourceTree = "<group>"; };
		07C0031218621CF70042E031 /* ModelHelper.h */ = {isa = PBXFileReference; fileEncoding = 4; lastKnownFileType = sourcecode.c.h; path = ModelHelper.h; sourceTree = "<group>"; };
		07C0031318621CF70042E031 /* ModelHelper.m */ = {isa = PBXFileReference; fileEncoding = 4; lastKnownFileType = sourcecode.c.objc; path = ModelHelper.m; sourceTree = "<group>"; };
		07CE949B188301DC00742090 /* MapViewController.h */ = {isa = PBXFileReference; fileEncoding = 4; lastKnownFileType = sourcecode.c.h; path = MapViewController.h; sourceTree = "<group>"; };
		07CE949C188301DC00742090 /* MapViewController.m */ = {isa = PBXFileReference; fileEncoding = 4; lastKnownFileType = sourcecode.c.objc; path = MapViewController.m; sourceTree = "<group>"; };
		07CE94A01883024E00742090 /* MapViewController.xib */ = {isa = PBXFileReference; fileEncoding = 4; lastKnownFileType = file.xib; path = MapViewController.xib; sourceTree = "<group>"; };
		07CE94A21883068900742090 /* MapKit.framework */ = {isa = PBXFileReference; lastKnownFileType = wrapper.framework; name = MapKit.framework; path = System/Library/Frameworks/MapKit.framework; sourceTree = SDKROOT; };
		07CE94A418830A2E00742090 /* MapAddressAnnotation.h */ = {isa = PBXFileReference; fileEncoding = 4; lastKnownFileType = sourcecode.c.h; path = MapAddressAnnotation.h; sourceTree = "<group>"; };
		07CE94A518830A2E00742090 /* MapAddressAnnotation.m */ = {isa = PBXFileReference; fileEncoding = 4; lastKnownFileType = sourcecode.c.objc; path = MapAddressAnnotation.m; sourceTree = "<group>"; };
		07CE94A71883482400742090 /* CoreLocation.framework */ = {isa = PBXFileReference; lastKnownFileType = wrapper.framework; name = CoreLocation.framework; path = System/Library/Frameworks/CoreLocation.framework; sourceTree = SDKROOT; };
/* End PBXFileReference section */

/* Begin PBXFrameworksBuildPhase section */
		07852EE81847D3F600ECA0CA /* Frameworks */ = {
			isa = PBXFrameworksBuildPhase;
			buildActionMask = 2147483647;
			files = (
				07CE94A81883482400742090 /* CoreLocation.framework in Frameworks */,
				07CE94A31883068900742090 /* MapKit.framework in Frameworks */,
				07852EF11847D3F700ECA0CA /* CoreGraphics.framework in Frameworks */,
				07852EF51847D3F700ECA0CA /* CoreData.framework in Frameworks */,
				07852EF31847D3F700ECA0CA /* UIKit.framework in Frameworks */,
				07852EEF1847D3F600ECA0CA /* Foundation.framework in Frameworks */,
			);
			runOnlyForDeploymentPostprocessing = 0;
		};
/* End PBXFrameworksBuildPhase section */

/* Begin PBXGroup section */
		07852EE21847D3F600ECA0CA = {
			isa = PBXGroup;
			children = (
				07852EF61847D3F700ECA0CA /* Agenda */,
				07852EED1847D3F600ECA0CA /* Frameworks */,
				07852EEC1847D3F600ECA0CA /* Products */,
			);
			sourceTree = "<group>";
		};
		07852EEC1847D3F600ECA0CA /* Products */ = {
			isa = PBXGroup;
			children = (
				07852EEB1847D3F600ECA0CA /* Agenda.app */,
			);
			name = Products;
			sourceTree = "<group>";
		};
		07852EED1847D3F600ECA0CA /* Frameworks */ = {
			isa = PBXGroup;
			children = (
				07CE94A71883482400742090 /* CoreLocation.framework */,
				07CE94A21883068900742090 /* MapKit.framework */,
				07852EEE1847D3F600ECA0CA /* Foundation.framework */,
				07852EF01847D3F700ECA0CA /* CoreGraphics.framework */,
				07852EF21847D3F700ECA0CA /* UIKit.framework */,
				07852EF41847D3F700ECA0CA /* CoreData.framework */,
				07852F0C1847D3F700ECA0CA /* XCTest.framework */,
			);
			name = Frameworks;
			sourceTree = "<group>";
		};
		07852EF61847D3F700ECA0CA /* Agenda */ = {
			isa = PBXGroup;
			children = (
				074589081893D8160020616D /* Agenda.entitlements */,
				07852F261847DDB500ECA0CA /* Classes */,
				07852F2E1847DDB500ECA0CA /* Resources */,
				07852EF71847D3F700ECA0CA /* Supporting Files */,
			);
			path = Agenda;
			sourceTree = "<group>";
		};
		07852EF71847D3F700ECA0CA /* Supporting Files */ = {
			isa = PBXGroup;
			children = (
				07852F531847E2D000ECA0CA /* Agenda-Info.plist */,
				07852EFC1847D3F700ECA0CA /* main.m */,
				07852EFE1847D3F700ECA0CA /* Agenda-Prefix.pch */,
			);
			name = "Supporting Files";
			sourceTree = "<group>";
		};
		07852F261847DDB500ECA0CA /* Classes */ = {
			isa = PBXGroup;
			children = (
				07852F271847DDB500ECA0CA /* AppDelegate.h */,
				07852F281847DDB500ECA0CA /* AppDelegate.m */,
				07852F291847DDB500ECA0CA /* controller */,
				07852F2A1847DDB500ECA0CA /* model */,
				07852F2D1847DDB500ECA0CA /* view */,
				07CE94A418830A2E00742090 /* MapAddressAnnotation.h */,
				07CE94A518830A2E00742090 /* MapAddressAnnotation.m */,
			);
			path = Classes;
			sourceTree = "<group>";
		};
		07852F291847DDB500ECA0CA /* controller */ = {
			isa = PBXGroup;
			children = (
				07852F451847DECE00ECA0CA /* NewUserFormViewController.h */,
				07852F461847DECE00ECA0CA /* NewUserFormViewController.m */,
				07852F381847DE1000ECA0CA /* MainMenuViewController.h */,
				07852F391847DE1000ECA0CA /* MainMenuViewController.m */,
				07852F4A1847DEFD00ECA0CA /* UserDetailsViewController.h */,
				07852F4B1847DEFD00ECA0CA /* UserDetailsViewController.m */,
				0793A3B6184917550062A1A2 /* UsersListViewController.h */,
				0793A3B7184917550062A1A2 /* UsersListViewController.m */,
				07285E67185C8A3700C6A634 /* SearchViewController.h */,
				07285E68185C8A3700C6A634 /* SearchViewController.m */,
				07C00308186208050042E031 /* NewEntryViewController.h */,
				07C00309186208050042E031 /* NewEntryViewController.m */,
				07CE949B188301DC00742090 /* MapViewController.h */,
				07CE949C188301DC00742090 /* MapViewController.m */,
				0752A99018958A9F00CC5621 /* AgendaController.h */,
			);
			path = controller;
			sourceTree = "<group>";
		};
		07852F2A1847DDB500ECA0CA /* model */ = {
			isa = PBXGroup;
			children = (
				07C002F41861FCA50042E031 /* Contact.h */,
				07C002F51861FCA50042E031 /* Contact.m */,
				07C0030F18620D710042E031 /* ContactInfo.h */,
				07C0031018620D710042E031 /* ContactInfo.m */,
				07C0031218621CF70042E031 /* ModelHelper.h */,
				07C0031318621CF70042E031 /* ModelHelper.m */,
			);
			path = model;
			sourceTree = "<group>";
		};
		07852F2D1847DDB500ECA0CA /* view */ = {
			isa = PBXGroup;
			children = (
			);
			path = view;
			sourceTree = "<group>";
		};
		07852F2E1847DDB500ECA0CA /* Resources */ = {
			isa = PBXGroup;
			children = (
				07CE94A01883024E00742090 /* MapViewController.xib */,
				07C0030D186208140042E031 /* NewEntryViewController.xib */,
				07285E6C185C8A6300C6A634 /* SearchViewController.xib */,
				0793A3BB184917760062A1A2 /* UsersListViewController.xib */,
				07852F4F1847DF1700ECA0CA /* NewUserFormViewController.xib */,
				07852F501847DF1700ECA0CA /* UserDetailsViewController.xib */,
				07852F421847DE9A00ECA0CA /* Agenda.xcdatamodeld */,
				07852F3F1847DE7900ECA0CA /* MainMenuViewController.xib */,
				07852F321847DDB500ECA0CA /* Images.xcassets */,
			);
			path = Resources;
			sourceTree = "<group>";
		};
/* End PBXGroup section */

/* Begin PBXNativeTarget section */
		07852EEA1847D3F600ECA0CA /* Agenda */ = {
			isa = PBXNativeTarget;
			buildConfigurationList = 07852F1D1847D3F700ECA0CA /* Build configuration list for PBXNativeTarget "Agenda" */;
			buildPhases = (
				07852EE71847D3F600ECA0CA /* Sources */,
				07852EE81847D3F600ECA0CA /* Frameworks */,
				07852EE91847D3F600ECA0CA /* Resources */,
			);
			buildRules = (
			);
			dependencies = (
			);
			name = Agenda;
			productName = Agenda;
			productReference = 07852EEB1847D3F600ECA0CA /* Agenda.app */;
			productType = "com.apple.product-type.application";
		};
/* End PBXNativeTarget section */

/* Begin PBXProject section */
		07852EE31847D3F600ECA0CA /* Project object */ = {
			isa = PBXProject;
			attributes = {
				LastUpgradeCheck = 0500;
				ORGANIZATIONNAME = UPSA;
				TargetAttributes = {
					07852EEA1847D3F600ECA0CA = {
						DevelopmentTeam = A5UCFNWB8C;
						SystemCapabilities = {
							com.apple.iCloud = {
								enabled = 1;
							};
						};
					};
				};
			};
			buildConfigurationList = 07852EE61847D3F600ECA0CA /* Build configuration list for PBXProject "Agenda" */;
			compatibilityVersion = "Xcode 3.2";
			developmentRegion = English;
			hasScannedForEncodings = 0;
			knownRegions = (
				en,
			);
			mainGroup = 07852EE21847D3F600ECA0CA;
			productRefGroup = 07852EEC1847D3F600ECA0CA /* Products */;
			projectDirPath = "";
			projectRoot = "";
			targets = (
				07852EEA1847D3F600ECA0CA /* Agenda */,
			);
		};
/* End PBXProject section */

/* Begin PBXResourcesBuildPhase section */
		07852EE91847D3F600ECA0CA /* Resources */ = {
			isa = PBXResourcesBuildPhase;
			buildActionMask = 2147483647;
			files = (
				07852F411847DE7900ECA0CA /* MainMenuViewController.xib in Resources */,
				0793A3BC184917760062A1A2 /* UsersListViewController.xib in Resources */,
				07285E6D185C8A6300C6A634 /* SearchViewController.xib in Resources */,
				07CE94A11883024E00742090 /* MapViewController.xib in Resources */,
				07852F371847DDB500ECA0CA /* Images.xcassets in Resources */,
				07852F521847DF1700ECA0CA /* UserDetailsViewController.xib in Resources */,
				07852F511847DF1700ECA0CA /* NewUserFormViewController.xib in Resources */,
				07C0030E186208140042E031 /* NewEntryViewController.xib in Resources */,
			);
			runOnlyForDeploymentPostprocessing = 0;
		};
/* End PBXResourcesBuildPhase section */

/* Begin PBXSourcesBuildPhase section */
		07852EE71847D3F600ECA0CA /* Sources */ = {
			isa = PBXSourcesBuildPhase;
			buildActionMask = 2147483647;
			files = (
				07C0031118620D710042E031 /* ContactInfo.m in Sources */,
				07852F4D1847DEFD00ECA0CA /* UserDetailsViewController.m in Sources */,
				0793A3B9184917550062A1A2 /* UsersListViewController.m in Sources */,
				07C002F61861FCA50042E031 /* Contact.m in Sources */,
				07852F441847DE9A00ECA0CA /* Agenda.xcdatamodeld in Sources */,
				07285E6A185C8A3700C6A634 /* SearchViewController.m in Sources */,
				07CE94A618830A2E00742090 /* MapAddressAnnotation.m in Sources */,
				07852F481847DECE00ECA0CA /* NewUserFormViewController.m in Sources */,
				07CE949E188301DC00742090 /* MapViewController.m in Sources */,
				07C0030B186208050042E031 /* NewEntryViewController.m in Sources */,
				07852EFD1847D3F700ECA0CA /* main.m in Sources */,
				07C0031418621CF70042E031 /* ModelHelper.m in Sources */,
				07852F331847DDB500ECA0CA /* AppDelegate.m in Sources */,
				07852F3B1847DE1000ECA0CA /* MainMenuViewController.m in Sources */,
			);
			runOnlyForDeploymentPostprocessing = 0;
		};
/* End PBXSourcesBuildPhase section */

/* Begin XCBuildConfiguration section */
		07852F1B1847D3F700ECA0CA /* Debug */ = {
			isa = XCBuildConfiguration;
			buildSettings = {
				ALWAYS_SEARCH_USER_PATHS = NO;
				ARCHS = "$(ARCHS_STANDARD_INCLUDING_64_BIT)";
				CLANG_CXX_LANGUAGE_STANDARD = "gnu++0x";
				CLANG_CXX_LIBRARY = "libc++";
				CLANG_ENABLE_MODULES = YES;
				CLANG_ENABLE_OBJC_ARC = YES;
				CLANG_WARN_BOOL_CONVERSION = YES;
				CLANG_WARN_CONSTANT_CONVERSION = YES;
				CLANG_WARN_DIRECT_OBJC_ISA_USAGE = YES_ERROR;
				CLANG_WARN_EMPTY_BODY = YES;
				CLANG_WARN_ENUM_CONVERSION = YES;
				CLANG_WARN_INT_CONVERSION = YES;
				CLANG_WARN_OBJC_ROOT_CLASS = YES_ERROR;
				CLANG_WARN__DUPLICATE_METHOD_MATCH = YES;
				"CODE_SIGN_IDENTITY[sdk=iphoneos*]" = "iPhone Developer";
				COPY_PHASE_STRIP = NO;
				GCC_C_LANGUAGE_STANDARD = gnu99;
				GCC_DYNAMIC_NO_PIC = NO;
				GCC_OPTIMIZATION_LEVEL = 0;
				GCC_PREPROCESSOR_DEFINITIONS = (
					"DEBUG=1",
					"$(inherited)",
				);
				GCC_SYMBOLS_PRIVATE_EXTERN = NO;
				GCC_WARN_64_TO_32_BIT_CONVERSION = YES;
				GCC_WARN_ABOUT_RETURN_TYPE = YES_ERROR;
				GCC_WARN_UNDECLARED_SELECTOR = YES;
				GCC_WARN_UNINITIALIZED_AUTOS = YES;
				GCC_WARN_UNUSED_FUNCTION = YES;
				GCC_WARN_UNUSED_VARIABLE = YES;
				IPHONEOS_DEPLOYMENT_TARGET = 5.0;
				ONLY_ACTIVE_ARCH = YES;
				SDKROOT = iphoneos;
			};
			name = Debug;
		};
		07852F1C1847D3F700ECA0CA /* Release */ = {
			isa = XCBuildConfiguration;
			buildSettings = {
				ALWAYS_SEARCH_USER_PATHS = NO;
				ARCHS = "$(ARCHS_STANDARD_INCLUDING_64_BIT)";
				CLANG_CXX_LANGUAGE_STANDARD = "gnu++0x";
				CLANG_CXX_LIBRARY = "libc++";
				CLANG_ENABLE_MODULES = YES;
				CLANG_ENABLE_OBJC_ARC = YES;
				CLANG_WARN_BOOL_CONVERSION = YES;
				CLANG_WARN_CONSTANT_CONVERSION = YES;
				CLANG_WARN_DIRECT_OBJC_ISA_USAGE = YES_ERROR;
				CLANG_WARN_EMPTY_BODY = YES;
				CLANG_WARN_ENUM_CONVERSION = YES;
				CLANG_WARN_INT_CONVERSION = YES;
				CLANG_WARN_OBJC_ROOT_CLASS = YES_ERROR;
				CLANG_WARN__DUPLICATE_METHOD_MATCH = YES;
				"CODE_SIGN_IDENTITY[sdk=iphoneos*]" = "iPhone Developer";
				COPY_PHASE_STRIP = YES;
				ENABLE_NS_ASSERTIONS = NO;
				GCC_C_LANGUAGE_STANDARD = gnu99;
				GCC_WARN_64_TO_32_BIT_CONVERSION = YES;
				GCC_WARN_ABOUT_RETURN_TYPE = YES_ERROR;
				GCC_WARN_UNDECLARED_SELECTOR = YES;
				GCC_WARN_UNINITIALIZED_AUTOS = YES;
				GCC_WARN_UNUSED_FUNCTION = YES;
				GCC_WARN_UNUSED_VARIABLE = YES;
				IPHONEOS_DEPLOYMENT_TARGET = 5.0;
				SDKROOT = iphoneos;
				VALIDATE_PRODUCT = YES;
			};
			name = Release;
		};
		07852F1E1847D3F700ECA0CA /* Debug */ = {
			isa = XCBuildConfiguration;
			buildSettings = {
				ASSETCATALOG_COMPILER_APPICON_NAME = AppIcon;
				ASSETCATALOG_COMPILER_LAUNCHIMAGE_NAME = LaunchImage;
				CODE_SIGN_ENTITLEMENTS = Agenda/Agenda.entitlements;
				CODE_SIGN_IDENTITY = "iPhone Developer";
				"CODE_SIGN_IDENTITY[sdk=iphoneos*]" = "iPhone Developer";
				GCC_PRECOMPILE_PREFIX_HEADER = YES;
				GCC_PREFIX_HEADER = "Agenda/Agenda-Prefix.pch";
				INFOPLIST_FILE = "Agenda/Agenda-Info.plist";
				PRODUCT_NAME = "$(TARGET_NAME)";
				PROVISIONING_PROFILE = "";
				WRAPPER_EXTENSION = app;
			};
			name = Debug;
		};
		07852F1F1847D3F700ECA0CA /* Release */ = {
			isa = XCBuildConfiguration;
			buildSettings = {
				ASSETCATALOG_COMPILER_APPICON_NAME = AppIcon;
				ASSETCATALOG_COMPILER_LAUNCHIMAGE_NAME = LaunchImage;
				CODE_SIGN_ENTITLEMENTS = Agenda/Agenda.entitlements;
				CODE_SIGN_IDENTITY = "iPhone Developer";
				"CODE_SIGN_IDENTITY[sdk=iphoneos*]" = "iPhone Developer";
				GCC_PRECOMPILE_PREFIX_HEADER = YES;
				GCC_PREFIX_HEADER = "Agenda/Agenda-Prefix.pch";
				INFOPLIST_FILE = "Agenda/Agenda-Info.plist";
				PRODUCT_NAME = "$(TARGET_NAME)";
				PROVISIONING_PROFILE = "";
				WRAPPER_EXTENSION = app;
			};
			name = Release;
		};
/* End XCBuildConfiguration section */

/* Begin XCConfigurationList section */
		07852EE61847D3F600ECA0CA /* Build configuration list for PBXProject "Agenda" */ = {
			isa = XCConfigurationList;
			buildConfigurations = (
				07852F1B1847D3F700ECA0CA /* Debug */,
				07852F1C1847D3F700ECA0CA /* Release */,
			);
			defaultConfigurationIsVisible = 0;
			defaultConfigurationName = Release;
		};
		07852F1D1847D3F700ECA0CA /* Build configuration list for PBXNativeTarget "Agenda" */ = {
			isa = XCConfigurationList;
			buildConfigurations = (
				07852F1E1847D3F700ECA0CA /* Debug */,
				07852F1F1847D3F700ECA0CA /* Release */,
			);
			defaultConfigurationIsVisible = 0;
			defaultConfigurationName = Release;
		};
/* End XCConfigurationList section */

/* Begin XCVersionGroup section */
		07852F421847DE9A00ECA0CA /* Agenda.xcdatamodeld */ = {
			isa = XCVersionGroup;
			children = (
				07852F431847DE9A00ECA0CA /* Agenda.xcdatamodel */,
			);
			currentVersion = 07852F431847DE9A00ECA0CA /* Agenda.xcdatamodel */;
			path = Agenda.xcdatamodeld;
			sourceTree = "<group>";
			versionGroupType = wrapper.xcdatamodel;
		};
/* End XCVersionGroup section */
	};
	rootObject = 07852EE31847D3F600ECA0CA /* Project object */;
}
